
Microsoft Visual Studio Solution File, Format Version 12.00
Project("{FAE04EC0-301F-11D3-BF4B-00C04F79EFBC}") = "CodeDinner.API", "CodeDinner.API\CodeDinner.API.csproj", "{72A7786D-8CE9-464E-8EE4-5E06C1F3C4DE}"
EndProject
Project("{2150E333-8FDC-42A3-9474-1A3956D46DE8}") = "wwwroot", "wwwroot", "{4BE9D8C1-96BE-4C3D-819F-C978B9F33848}"
EndProject
Global
	GlobalSection(SolutionConfigurationPlatforms) = preSolution
		Debug|Any CPU = Debug|Any CPU
		Release|Any CPU = Release|Any CPU
	EndGlobalSection
	GlobalSection(ProjectConfigurationPlatforms) = postSolution
		{72A7786D-8CE9-464E-8EE4-5E06C1F3C4DE}.Debug|Any CPU.ActiveCfg = Debug|Any CPU
		{72A7786D-8CE9-464E-8EE4-5E06C1F3C4DE}.Debug|Any CPU.Build.0 = Debug|Any CPU
		{72A7786D-8CE9-464E-8EE4-5E06C1F3C4DE}.Release|Any CPU.ActiveCfg = Release|Any CPU
		{72A7786D-8CE9-464E-8EE4-5E06C1F3C4DE}.Release|Any CPU.Build.0 = Release|Any CPU
	EndGlobalSection
EndGlobal
